{
  "nodes": {
    "firacode-src": {
      "flake": false,
      "locked": {
        "lastModified": 1638823965,
        "narHash": "sha256-guoUW6/nN6RwcuSzfe+b9U9CRrY0zTtOxpbfrELQbYM=",
        "owner": "tonsky",
        "repo": "firacode",
        "rev": "eee6db993696aba61ff4eef03698e2987d79910c",
        "type": "github"
      },
      "original": {
        "owner": "tonsky",
        "ref": "6.2",
        "repo": "firacode",
        "type": "github"
      }
    },
    "nixpkgs": {
      "locked": {
        "lastModified": 1669833724,
        "narHash": "sha256-/HEZNyGbnQecrgJnfE8d0WC5c1xuPSD2LUpB6YXlg4c=",
        "owner": "nixos",
        "repo": "nixpkgs",
        "rev": "4d2b37a84fad1091b9de401eb450aae66f1a741e",
        "type": "github"
      },
      "original": {
        "owner": "nixos",
        "ref": "22.11",
        "repo": "nixpkgs",
        "type": "github"
      }
    },
    "root": {
      "inputs": {
        "firacode-src": "firacode-src",
        "nixpkgs": "nixpkgs",
        "utils": "utils"
      }
    },
    "utils": {
      "locked": {
        "lastModified": 1652776076,
        "narHash": "sha256-gzTw/v1vj4dOVbpBSJX4J0DwUR6LIyXo7/SuuTJp1kM=",
        "owner": "numtide",
        "repo": "flake-utils",
        "rev": "04c1b180862888302ddfb2e3ad9eaa63afc60cf8",
        "type": "github"
      },
      "original": {
        "owner": "numtide",
        "repo": "flake-utils",
        "type": "github"
      }
    }
  },
  "root": "root",
  "version": 7
}
